
Microsoft Visual Studio Solution File, Format Version 12.00
# Visual Studio Version 17
VisualStudioVersion = 17.5.33530.505
MinimumVisualStudioVersion = 10.0.40219.1
Project("{FAE04EC0-301F-11D3-BF4B-00C04F79EFBC}") = "ComandLine_Snake_Game", "ComandLine_Snake_Game.csproj", "{D7E76BF1-D54A-42E3-9DFC-8354CAED6412}"
EndProject
Global
	GlobalSection(SolutionConfigurationPlatforms) = preSolution
		Debug|Any CPU = Debug|Any CPU
		Release|Any CPU = Release|Any CPU
	EndGlobalSection
	GlobalSection(ProjectConfigurationPlatforms) = postSolution
		{D7E76BF1-D54A-42E3-9DFC-8354CAED6412}.Debug|Any CPU.ActiveCfg = Debug|Any CPU
		{D7E76BF1-D54A-42E3-9DFC-8354CAED6412}.Debug|Any CPU.Build.0 = Debug|Any CPU
		{D7E76BF1-D54A-42E3-9DFC-8354CAED6412}.Release|Any CPU.ActiveCfg = Release|Any CPU
		{D7E76BF1-D54A-42E3-9DFC-8354CAED6412}.Release|Any CPU.Build.0 = Release|Any CPU
	EndGlobalSection
	GlobalSection(SolutionProperties) = preSolution
		HideSolutionNode = FALSE
	EndGlobalSection
	GlobalSection(ExtensibilityGlobals) = postSolution
		SolutionGuid = {56C71C75-C8FB-420C-9529-439363313AA2}
	EndGlobalSection
EndGlobal
